
Microsoft Visual Studio Solution File, Format Version 12.00
# Visual Studio Version 16
VisualStudioVersion = 16.0.33927.289
MinimumVisualStudioVersion = 10.0.40219.1
Project("{FAE04EC0-301F-11D3-BF4B-00C04F79EFBC}") = "LaundryApps", "LaundryApps\LaundryApps.csproj", "{79A4D5B7-6499-4376-AAE5-62981F32003A}"
EndProject
Global
	GlobalSection(SolutionConfigurationPlatforms) = preSolution
		Debug|Any CPU = Debug|Any CPU
		Release|Any CPU = Release|Any CPU
	EndGlobalSection
	GlobalSection(ProjectConfigurationPlatforms) = postSolution
		{79A4D5B7-6499-4376-AAE5-62981F32003A}.Debug|Any CPU.ActiveCfg = Debug|Any CPU
		{79A4D5B7-6499-4376-AAE5-62981F32003A}.Debug|Any CPU.Build.0 = Debug|Any CPU
		{79A4D5B7-6499-4376-AAE5-62981F32003A}.Release|Any CPU.ActiveCfg = Release|Any CPU
		{79A4D5B7-6499-4376-AAE5-62981F32003A}.Release|Any CPU.Build.0 = Release|Any CPU
	EndGlobalSection
	GlobalSection(SolutionProperties) = preSolution
		HideSolutionNode = FALSE
	EndGlobalSection
	GlobalSection(ExtensibilityGlobals) = postSolution
		SolutionGuid = {77B26BDB-9854-4147-9B76-FDEC9ABE1C97}
	EndGlobalSection
EndGlobal
